
Microsoft Visual Studio Solution File, Format Version 12.00
# Visual Studio Version 17
VisualStudioVersion = 17.0.31903.59
MinimumVisualStudioVersion = 10.0.40219.1
Project("{2150E333-8FDC-42A3-9474-1A3956D46DE8}") = "backend", "backend", "{F049ABED-B4DA-4108-9A81-FBA4DA4D5A43}"
EndProject
Project("{FAE04EC0-301F-11D3-BF4B-00C04F79EFBC}") = "LearnHub", "backend\LearnHub\LearnHub.csproj", "{FD934DCE-9456-4B19-8A4B-BDE4B3CD6525}"
EndProject
Project("{FAE04EC0-301F-11D3-BF4B-00C04F79EFBC}") = "LearnHub.Tests", "backend\LearnHub.Tests\LearnHub.Tests.csproj", "{149DAACD-DAAD-4340-9A22-93E98AA7D3DB}"
EndProject
Global
	GlobalSection(SolutionConfigurationPlatforms) = preSolution
		Debug|Any CPU = Debug|Any CPU
		Release|Any CPU = Release|Any CPU
	EndGlobalSection
	GlobalSection(SolutionProperties) = preSolution
		HideSolutionNode = FALSE
	EndGlobalSection
	GlobalSection(ProjectConfigurationPlatforms) = postSolution
		{FD934DCE-9456-4B19-8A4B-BDE4B3CD6525}.Debug|Any CPU.ActiveCfg = Debug|Any CPU
		{FD934DCE-9456-4B19-8A4B-BDE4B3CD6525}.Debug|Any CPU.Build.0 = Debug|Any CPU
		{FD934DCE-9456-4B19-8A4B-BDE4B3CD6525}.Release|Any CPU.ActiveCfg = Release|Any CPU
		{FD934DCE-9456-4B19-8A4B-BDE4B3CD6525}.Release|Any CPU.Build.0 = Release|Any CPU
		{149DAACD-DAAD-4340-9A22-93E98AA7D3DB}.Debug|Any CPU.ActiveCfg = Debug|Any CPU
		{149DAACD-DAAD-4340-9A22-93E98AA7D3DB}.Debug|Any CPU.Build.0 = Debug|Any CPU
		{149DAACD-DAAD-4340-9A22-93E98AA7D3DB}.Release|Any CPU.ActiveCfg = Release|Any CPU
		{149DAACD-DAAD-4340-9A22-93E98AA7D3DB}.Release|Any CPU.Build.0 = Release|Any CPU
	EndGlobalSection
	GlobalSection(NestedProjects) = preSolution
		{FD934DCE-9456-4B19-8A4B-BDE4B3CD6525} = {F049ABED-B4DA-4108-9A81-FBA4DA4D5A43}
		{149DAACD-DAAD-4340-9A22-93E98AA7D3DB} = {F049ABED-B4DA-4108-9A81-FBA4DA4D5A43}
	EndGlobalSection
EndGlobal
